
Microsoft Visual Studio Solution File, Format Version 12.00
# Visual Studio Version 17
VisualStudioVersion = 17.3.32901.215
MinimumVisualStudioVersion = 10.0.40219.1
Project("{FAE04EC0-301F-11D3-BF4B-00C04F79EFBC}") = "JungMT2CSharp", "JungMT2CSharp\JungMT2CSharp.csproj", "{3A519F28-5ED1-41B1-B7D9-228F6FF798E8}"
EndProject
Global
	GlobalSection(SolutionConfigurationPlatforms) = preSolution
		Debug|Any CPU = Debug|Any CPU
		Release|Any CPU = Release|Any CPU
	EndGlobalSection
	GlobalSection(ProjectConfigurationPlatforms) = postSolution
		{3A519F28-5ED1-41B1-B7D9-228F6FF798E8}.Debug|Any CPU.ActiveCfg = Debug|Any CPU
		{3A519F28-5ED1-41B1-B7D9-228F6FF798E8}.Debug|Any CPU.Build.0 = Debug|Any CPU
		{3A519F28-5ED1-41B1-B7D9-228F6FF798E8}.Release|Any CPU.ActiveCfg = Release|Any CPU
		{3A519F28-5ED1-41B1-B7D9-228F6FF798E8}.Release|Any CPU.Build.0 = Release|Any CPU
	EndGlobalSection
	GlobalSection(SolutionProperties) = preSolution
		HideSolutionNode = FALSE
	EndGlobalSection
	GlobalSection(ExtensibilityGlobals) = postSolution
		SolutionGuid = {E7E9CD6C-A902-4B9D-B36D-BB2BDEF0742E}
	EndGlobalSection
EndGlobal
